Microsoft Visual Studio Solution File, Format Version 12.00
# Visual Studio Version 16
VisualStudioVersion = 16.0.29613.14
MinimumVisualStudioVersion = 10.0.40219.1
Project("{9A19103F-16F7-4668-BE54-9A1E7A4F7556}") = "Easycharts", "Easycharts\Easycharts.csproj", "{DE24E243-1C2C-4923-8B2E-53F7B2ABC814}"
EndProject
Project("{2150E333-8FDC-42A3-9474-1A3956D46DE8}") = "Forms", "Forms", "{371D4457-9946-40A6-AE2E-2DF8AA43A69B}"
EndProject
Project("{9A19103F-16F7-4668-BE54-9A1E7A4F7556}") = "Easycharts.Samples.Forms", "Easycharts.Samples.Forms\Easycharts.Samples.Forms.csproj", "{F67B4BE6-40F0-4F99-A8BC-F1A5E0BC95D4}"
EndProject
Project("{FAE04EC0-301F-11D3-BF4B-00C04F79EFBC}") = "Easycharts.Samples.Forms.Droid", "Easycharts.Samples.Forms.Droid\Easycharts.Samples.Forms.Droid.csproj", "{2F00E14F-19A3-4018-BF0E-636DEA79E666}"
EndProject
Project("{9A19103F-16F7-4668-BE54-9A1E7A4F7556}") = "Easycharts.Forms", "Easycharts.Forms\Easycharts.Forms.csproj", "{EEF8A375-D304-48D1-BF66-29A442C708A1}"
EndProject
Project("{FAE04EC0-301F-11D3-BF4B-00C04F79EFBC}") = "Easycharts.Samples.Forms.iOS", "Easycharts.Samples.Forms.iOS\Easycharts.Samples.Forms.iOS.csproj", "{E4341734-8B9D-4F53-A27D-234D251765FA}"
EndProject
Global
	GlobalSection(SolutionConfigurationPlatforms) = preSolution
		Debug|Any CPU = Debug|Any CPU
		Debug|ARM = Debug|ARM
		Debug|iPhone = Debug|iPhone
		Debug|iPhoneSimulator = Debug|iPhoneSimulator
		Debug|x64 = Debug|x64
		Debug|x86 = Debug|x86
		Release|Any CPU = Release|Any CPU
		Release|ARM = Release|ARM
		Release|iPhone = Release|iPhone
		Release|iPhoneSimulator = Release|iPhoneSimulator
		Release|x64 = Release|x64
		Release|x86 = Release|x86
	EndGlobalSection
	GlobalSection(ProjectConfigurationPlatforms) = postSolution
		{DE24E243-1C2C-4923-8B2E-53F7B2ABC814}.Debug|Any CPU.ActiveCfg = Debug|Any CPU
		{DE24E243-1C2C-4923-8B2E-53F7B2ABC814}.Debug|Any CPU.Build.0 = Debug|Any CPU
		{DE24E243-1C2C-4923-8B2E-53F7B2ABC814}.Debug|ARM.ActiveCfg = Debug|Any CPU
		{DE24E243-1C2C-4923-8B2E-53F7B2ABC814}.Debug|ARM.Build.0 = Debug|Any CPU
		{DE24E243-1C2C-4923-8B2E-53F7B2ABC814}.Debug|iPhone.ActiveCfg = Debug|Any CPU
		{DE24E243-1C2C-4923-8B2E-53F7B2ABC814}.Debug|iPhone.Build.0 = Debug|Any CPU
		{DE24E243-1C2C-4923-8B2E-53F7B2ABC814}.Debug|iPhoneSimulator.ActiveCfg = Debug|Any CPU
		{DE24E243-1C2C-4923-8B2E-53F7B2ABC814}.Debug|iPhoneSimulator.Build.0 = Debug|Any CPU
		{DE24E243-1C2C-4923-8B2E-53F7B2ABC814}.Debug|x64.ActiveCfg = Debug|Any CPU
		{DE24E243-1C2C-4923-8B2E-53F7B2ABC814}.Debug|x64.Build.0 = Debug|Any CPU
		{DE24E243-1C2C-4923-8B2E-53F7B2ABC814}.Debug|x86.ActiveCfg = Debug|Any CPU
		{DE24E243-1C2C-4923-8B2E-53F7B2ABC814}.Debug|x86.Build.0 = Debug|Any CPU
		{DE24E243-1C2C-4923-8B2E-53F7B2ABC814}.Release|Any CPU.ActiveCfg = Release|Any CPU
		{DE24E243-1C2C-4923-8B2E-53F7B2ABC814}.Release|Any CPU.Build.0 = Release|Any CPU
		{DE24E243-1C2C-4923-8B2E-53F7B2ABC814}.Release|ARM.ActiveCfg = Release|Any CPU
		{DE24E243-1C2C-4923-8B2E-53F7B2ABC814}.Release|ARM.Build.0 = Release|Any CPU
		{DE24E243-1C2C-4923-8B2E-53F7B2ABC814}.Release|iPhone.ActiveCfg = Release|Any CPU
		{DE24E243-1C2C-4923-8B2E-53F7B2ABC814}.Release|iPhone.Build.0 = Release|Any CPU
		{DE24E243-1C2C-4923-8B2E-53F7B2ABC814}.Release|iPhoneSimulator.ActiveCfg = Release|Any CPU
		{DE24E243-1C2C-4923-8B2E-53F7B2ABC814}.Release|iPhoneSimulator.Build.0 = Release|Any CPU
		{DE24E243-1C2C-4923-8B2E-53F7B2ABC814}.Release|x64.ActiveCfg = Release|Any CPU
		{DE24E243-1C2C-4923-8B2E-53F7B2ABC814}.Release|x64.Build.0 = Release|Any CPU
		{DE24E243-1C2C-4923-8B2E-53F7B2ABC814}.Release|x86.ActiveCfg = Release|Any CPU
		{DE24E243-1C2C-4923-8B2E-53F7B2ABC814}.Release|x86.Build.0 = Release|Any CPU
		{F67B4BE6-40F0-4F99-A8BC-F1A5E0BC95D4}.Debug|Any CPU.ActiveCfg = Debug|Any CPU
		{F67B4BE6-40F0-4F99-A8BC-F1A5E0BC95D4}.Debug|Any CPU.Build.0 = Debug|Any CPU
		{F67B4BE6-40F0-4F99-A8BC-F1A5E0BC95D4}.Debug|ARM.ActiveCfg = Debug|Any CPU
		{F67B4BE6-40F0-4F99-A8BC-F1A5E0BC95D4}.Debug|ARM.Build.0 = Debug|Any CPU
		{F67B4BE6-40F0-4F99-A8BC-F1A5E0BC95D4}.Debug|iPhone.ActiveCfg = Debug|Any CPU
		{F67B4BE6-40F0-4F99-A8BC-F1A5E0BC95D4}.Debug|iPhone.Build.0 = Debug|Any CPU
		{F67B4BE6-40F0-4F99-A8BC-F1A5E0BC95D4}.Debug|iPhoneSimulator.ActiveCfg = Debug|Any CPU
		{F67B4BE6-40F0-4F99-A8BC-F1A5E0BC95D4}.Debug|iPhoneSimulator.Build.0 = Debug|Any CPU
		{F67B4BE6-40F0-4F99-A8BC-F1A5E0BC95D4}.Debug|x64.ActiveCfg = Debug|Any CPU
		{F67B4BE6-40F0-4F99-A8BC-F1A5E0BC95D4}.Debug|x64.Build.0 = Debug|Any CPU
		{F67B4BE6-40F0-4F99-A8BC-F1A5E0BC95D4}.Debug|x86.ActiveCfg = Debug|Any CPU
		{F67B4BE6-40F0-4F99-A8BC-F1A5E0BC95D4}.Debug|x86.Build.0 = Debug|Any CPU
		{F67B4BE6-40F0-4F99-A8BC-F1A5E0BC95D4}.Release|Any CPU.ActiveCfg = Release|Any CPU
		{F67B4BE6-40F0-4F99-A8BC-F1A5E0BC95D4}.Release|ARM.ActiveCfg = Release|Any CPU
		{F67B4BE6-40F0-4F99-A8BC-F1A5E0BC95D4}.Release|ARM.Build.0 = Release|Any CPU
		{F67B4BE6-40F0-4F99-A8BC-F1A5E0BC95D4}.Release|iPhone.ActiveCfg = Release|Any CPU
		{F67B4BE6-40F0-4F99-A8BC-F1A5E0BC95D4}.Release|iPhone.Build.0 = Release|Any CPU
		{F67B4BE6-40F0-4F99-A8BC-F1A5E0BC95D4}.Release|iPhoneSimulator.ActiveCfg = Release|Any CPU
		{F67B4BE6-40F0-4F99-A8BC-F1A5E0BC95D4}.Release|iPhoneSimulator.Build.0 = Release|Any CPU
		{F67B4BE6-40F0-4F99-A8BC-F1A5E0BC95D4}.Release|x64.ActiveCfg = Release|Any CPU
		{F67B4BE6-40F0-4F99-A8BC-F1A5E0BC95D4}.Release|x64.Build.0 = Release|Any CPU
		{F67B4BE6-40F0-4F99-A8BC-F1A5E0BC95D4}.Release|x86.ActiveCfg = Release|Any CPU
		{F67B4BE6-40F0-4F99-A8BC-F1A5E0BC95D4}.Release|x86.Build.0 = Release|Any CPU
		{2F00E14F-19A3-4018-BF0E-636DEA79E666}.Debug|Any CPU.ActiveCfg = Debug|Any CPU
		{2F00E14F-19A3-4018-BF0E-636DEA79E666}.Debug|Any CPU.Build.0 = Debug|Any CPU
		{2F00E14F-19A3-4018-BF0E-636DEA79E666}.Debug|Any CPU.Deploy.0 = Debug|Any CPU
		{2F00E14F-19A3-4018-BF0E-636DEA79E666}.Debug|ARM.ActiveCfg = Debug|Any CPU
		{2F00E14F-19A3-4018-BF0E-636DEA79E666}.Debug|ARM.Build.0 = Debug|Any CPU
		{2F00E14F-19A3-4018-BF0E-636DEA79E666}.Debug|iPhone.ActiveCfg = Debug|Any CPU
		{2F00E14F-19A3-4018-BF0E-636DEA79E666}.Debug|iPhone.Build.0 = Debug|Any CPU
		{2F00E14F-19A3-4018-BF0E-636DEA79E666}.Debug|iPhoneSimulator.ActiveCfg = Debug|Any CPU
		{2F00E14F-19A3-4018-BF0E-636DEA79E666}.Debug|iPhoneSimulator.Build.0 = Debug|Any CPU
		{2F00E14F-19A3-4018-BF0E-636DEA79E666}.Debug|x64.ActiveCfg = Debug|Any CPU
		{2F00E14F-19A3-4018-BF0E-636DEA79E666}.Debug|x64.Build.0 = Debug|Any CPU
		{2F00E14F-19A3-4018-BF0E-636DEA79E666}.Debug|x86.ActiveCfg = Debug|Any CPU
		{2F00E14F-19A3-4018-BF0E-636DEA79E666}.Debug|x86.Build.0 = Debug|Any CPU
		{2F00E14F-19A3-4018-BF0E-636DEA79E666}.Release|Any CPU.ActiveCfg = Release|Any CPU
		{2F00E14F-19A3-4018-BF0E-636DEA79E666}.Release|ARM.ActiveCfg = Release|Any CPU
		{2F00E14F-19A3-4018-BF0E-636DEA79E666}.Release|ARM.Build.0 = Release|Any CPU
		{2F00E14F-19A3-4018-BF0E-636DEA79E666}.Release|iPhone.ActiveCfg = Release|Any CPU
		{2F00E14F-19A3-4018-BF0E-636DEA79E666}.Release|iPhone.Build.0 = Release|Any CPU
		{2F00E14F-19A3-4018-BF0E-636DEA79E666}.Release|iPhoneSimulator.ActiveCfg = Release|Any CPU
		{2F00E14F-19A3-4018-BF0E-636DEA79E666}.Release|iPhoneSimulator.Build.0 = Release|Any CPU
		{2F00E14F-19A3-4018-BF0E-636DEA79E666}.Release|x64.ActiveCfg = Release|Any CPU
		{2F00E14F-19A3-4018-BF0E-636DEA79E666}.Release|x64.Build.0 = Release|Any CPU
		{2F00E14F-19A3-4018-BF0E-636DEA79E666}.Release|x86.ActiveCfg = Release|Any CPU
		{2F00E14F-19A3-4018-BF0E-636DEA79E666}.Release|x86.Build.0 = Release|Any CPU
		{EEF8A375-D304-48D1-BF66-29A442C708A1}.Debug|Any CPU.ActiveCfg = Debug|Any CPU
		{EEF8A375-D304-48D1-BF66-29A442C708A1}.Debug|Any CPU.Build.0 = Debug|Any CPU
		{EEF8A375-D304-48D1-BF66-29A442C708A1}.Debug|ARM.ActiveCfg = Debug|Any CPU
		{EEF8A375-D304-48D1-BF66-29A442C708A1}.Debug|ARM.Build.0 = Debug|Any CPU
		{EEF8A375-D304-48D1-BF66-29A442C708A1}.Debug|iPhone.ActiveCfg = Debug|Any CPU
		{EEF8A375-D304-48D1-BF66-29A442C708A1}.Debug|iPhone.Build.0 = Debug|Any CPU
		{EEF8A375-D304-48D1-BF66-29A442C708A1}.Debug|iPhoneSimulator.ActiveCfg = Debug|Any CPU
		{EEF8A375-D304-48D1-BF66-29A442C708A1}.Debug|iPhoneSimulator.Build.0 = Debug|Any CPU
		{EEF8A375-D304-48D1-BF66-29A442C708A1}.Debug|x64.ActiveCfg = Debug|Any CPU
		{EEF8A375-D304-48D1-BF66-29A442C708A1}.Debug|x64.Build.0 = Debug|Any CPU
		{EEF8A375-D304-48D1-BF66-29A442C708A1}.Debug|x86.ActiveCfg = Debug|Any CPU
		{EEF8A375-D304-48D1-BF66-29A442C708A1}.Debug|x86.Build.0 = Debug|Any CPU
		{EEF8A375-D304-48D1-BF66-29A442C708A1}.Release|Any CPU.ActiveCfg = Release|Any CPU
		{EEF8A375-D304-48D1-BF66-29A442C708A1}.Release|Any CPU.Build.0 = Release|Any CPU
		{EEF8A375-D304-48D1-BF66-29A442C708A1}.Release|ARM.ActiveCfg = Release|Any CPU
		{EEF8A375-D304-48D1-BF66-29A442C708A1}.Release|ARM.Build.0 = Release|Any CPU
		{EEF8A375-D304-48D1-BF66-29A442C708A1}.Release|iPhone.ActiveCfg = Release|Any CPU
		{EEF8A375-D304-48D1-BF66-29A442C708A1}.Release|iPhone.Build.0 = Release|Any CPU
		{EEF8A375-D304-48D1-BF66-29A442C708A1}.Release|iPhoneSimulator.ActiveCfg = Release|Any CPU
		{EEF8A375-D304-48D1-BF66-29A442C708A1}.Release|iPhoneSimulator.Build.0 = Release|Any CPU
		{EEF8A375-D304-48D1-BF66-29A442C708A1}.Release|x64.ActiveCfg = Release|Any CPU
		{EEF8A375-D304-48D1-BF66-29A442C708A1}.Release|x64.Build.0 = Release|Any CPU
		{EEF8A375-D304-48D1-BF66-29A442C708A1}.Release|x86.ActiveCfg = Release|Any CPU
		{EEF8A375-D304-48D1-BF66-29A442C708A1}.Release|x86.Build.0 = Release|Any CPU
		{E4341734-8B9D-4F53-A27D-234D251765FA}.Debug|Any CPU.ActiveCfg = Debug|iPhone
		{E4341734-8B9D-4F53-A27D-234D251765FA}.Debug|ARM.ActiveCfg = Debug|iPhone
		{E4341734-8B9D-4F53-A27D-234D251765FA}.Debug|iPhone.ActiveCfg = Debug|iPhone
		{E4341734-8B9D-4F53-A27D-234D251765FA}.Debug|iPhone.Build.0 = Debug|iPhone
		{E4341734-8B9D-4F53-A27D-234D251765FA}.Debug|iPhoneSimulator.ActiveCfg = Debug|iPhoneSimulator
		{E4341734-8B9D-4F53-A27D-234D251765FA}.Debug|iPhoneSimulator.Build.0 = Debug|iPhoneSimulator
		{E4341734-8B9D-4F53-A27D-234D251765FA}.Debug|x64.ActiveCfg = Debug|iPhone
		{E4341734-8B9D-4F53-A27D-234D251765FA}.Debug|x86.ActiveCfg = Debug|iPhone
		{E4341734-8B9D-4F53-A27D-234D251765FA}.Release|Any CPU.ActiveCfg = Release|iPhone
		{E4341734-8B9D-4F53-A27D-234D251765FA}.Release|ARM.ActiveCfg = Release|iPhone
		{E4341734-8B9D-4F53-A27D-234D251765FA}.Release|iPhone.ActiveCfg = Release|iPhone
		{E4341734-8B9D-4F53-A27D-234D251765FA}.Release|iPhone.Build.0 = Release|iPhone
		{E4341734-8B9D-4F53-A27D-234D251765FA}.Release|iPhoneSimulator.ActiveCfg = Release|iPhoneSimulator
		{E4341734-8B9D-4F53-A27D-234D251765FA}.Release|iPhoneSimulator.Build.0 = Release|iPhoneSimulator
		{E4341734-8B9D-4F53-A27D-234D251765FA}.Release|x64.ActiveCfg = Release|iPhone
		{E4341734-8B9D-4F53-A27D-234D251765FA}.Release|x86.ActiveCfg = Release|iPhone
	EndGlobalSection
	GlobalSection(SolutionProperties) = preSolution
		HideSolutionNode = FALSE
	EndGlobalSection
	GlobalSection(NestedProjects) = preSolution
		{F67B4BE6-40F0-4F99-A8BC-F1A5E0BC95D4} = {371D4457-9946-40A6-AE2E-2DF8AA43A69B}
		{2F00E14F-19A3-4018-BF0E-636DEA79E666} = {371D4457-9946-40A6-AE2E-2DF8AA43A69B}
		{E4341734-8B9D-4F53-A27D-234D251765FA} = {371D4457-9946-40A6-AE2E-2DF8AA43A69B}
	EndGlobalSection
	GlobalSection(ExtensibilityGlobals) = postSolution
		SolutionGuid = {BCCD19D6-0567-4462-A494-5848BD95715F}
	EndGlobalSection
EndGlobal
